Microsoft Visual Studio Solution File, Format Version 12.00
# Visual Studio Version 17
VisualStudioVersion = 17.5.2.0
MinimumVisualStudioVersion = 10.0.40219.1
Project("{FAE04EC0-301F-11D3-BF4B-00C04F79EFBC}") = "LifeSpot", "LifeSpot.csproj", "{B127CD91-C408-3C34-A1D5-742868A40C89}"
EndProject
Global
	GlobalSection(SolutionConfigurationPlatforms) = preSolution
		Debug|Any CPU = Debug|Any CPU
		Release|Any CPU = Release|Any CPU
	EndGlobalSection
	GlobalSection(ProjectConfigurationPlatforms) = postSolution
		{B127CD91-C408-3C34-A1D5-742868A40C89}.Debug|Any CPU.ActiveCfg = Debug|Any CPU
		{B127CD91-C408-3C34-A1D5-742868A40C89}.Debug|Any CPU.Build.0 = Debug|Any CPU
		{B127CD91-C408-3C34-A1D5-742868A40C89}.Release|Any CPU.ActiveCfg = Release|Any CPU
		{B127CD91-C408-3C34-A1D5-742868A40C89}.Release|Any CPU.Build.0 = Release|Any CPU
	EndGlobalSection
	GlobalSection(SolutionProperties) = preSolution
		HideSolutionNode = FALSE
	EndGlobalSection
	GlobalSection(ExtensibilityGlobals) = postSolution
		SolutionGuid = {81E24D63-DED8-458C-9C46-02107036E934}
	EndGlobalSection
EndGlobal
